
Microsoft Visual Studio Solution File, Format Version 12.00
# Visual Studio Version 16
VisualStudioVersion = 16.0.31205.134
MinimumVisualStudioVersion = 10.0.40219.1
Project("{2150E333-8FDC-42A3-9474-1A3956D46DE8}") = "Observer", "Observer", "{11C35CC3-D818-4DCA-82AD-1ECB88B0AEFA}"
EndProject
Project("{2150E333-8FDC-42A3-9474-1A3956D46DE8}") = "Mediator", "Mediator", "{461A587E-9440-46CE-86C7-2CF66E37A097}"
EndProject
Project("{2150E333-8FDC-42A3-9474-1A3956D46DE8}") = "00_UML", "00_UML", "{C2DBB3E9-7F73-434A-A47D-87E197234486}"
EndProject
Project("{2150E333-8FDC-42A3-9474-1A3956D46DE8}") = "01_HeritageMultiple", "01_HeritageMultiple", "{B427D84B-46CF-48CE-B00C-D7C79312326E}"
EndProject
Project("{2150E333-8FDC-42A3-9474-1A3956D46DE8}") = "Singleton", "Singleton", "{EBAC338A-3CD7-48DB-9D69-14EB6EC707B7}"
EndProject
Project("{FAE04EC0-301F-11D3-BF4B-00C04F79EFBC}") = "DemoSingleton", "DemoSingleton\DemoSingleton.csproj", "{056E7701-2FE1-4CC0-B084-3CF4C43DD85F}"
EndProject
Project("{FAE04EC0-301F-11D3-BF4B-00C04F79EFBC}") = "DemoObserverUML", "DemoObserverUML\DemoObserverUML.csproj", "{D8A86D78-3CB2-43A5-9FEA-088B2101E72A}"
EndProject
Project("{FAE04EC0-301F-11D3-BF4B-00C04F79EFBC}") = "DemoObserverV1", "DemoObserverV1\DemoObserverV1.csproj", "{E3378E6B-A592-49ED-A90D-28F974B6767D}"
EndProject
Project("{2150E333-8FDC-42A3-9474-1A3956D46DE8}") = "02_UtilisationDélégué", "02_UtilisationDélégué", "{354762A1-B52F-4F1F-B104-06CB180280A3}"
EndProject
Project("{FAE04EC0-301F-11D3-BF4B-00C04F79EFBC}") = "DemoObseverV2", "DemoObseverV2\DemoObseverV2.csproj", "{40FC3CE8-6DAE-4D8F-9228-49B9E592D6D3}"
EndProject
Project("{2150E333-8FDC-42A3-9474-1A3956D46DE8}") = "03_AméliorationDu02", "03_AméliorationDu02", "{0C10E69A-A9B8-43D3-97C4-2CE3EA8C5E63}"
EndProject
Project("{FAE04EC0-301F-11D3-BF4B-00C04F79EFBC}") = "DemoObserverV3", "DemoObserverV3\DemoObserverV3.csproj", "{38355A76-2984-403F-9BE0-AADD0321AD8B}"
EndProject
Project("{2150E333-8FDC-42A3-9474-1A3956D46DE8}") = "04_DéléguéPublique", "04_DéléguéPublique", "{DBE2B25D-301D-4BAE-BC40-1D5D3981D733}"
EndProject
Project("{FAE04EC0-301F-11D3-BF4B-00C04F79EFBC}") = "DemoObserverV4", "DemoObserverV4\DemoObserverV4.csproj", "{84FE8A67-C307-4535-9754-B516367F9D5C}"
EndProject
Project("{2150E333-8FDC-42A3-9474-1A3956D46DE8}") = "05_Evenement", "05_Evenement", "{8223921D-9AF7-4281-B733-4EDFBAA98DBB}"
EndProject
Project("{FAE04EC0-301F-11D3-BF4B-00C04F79EFBC}") = "DemoObserverFinal", "DemoObserverFinal\DemoObserverFinal.csproj", "{F4C71C3F-DEFF-4EA4-881E-C221C72B7111}"
EndProject
Project("{FAE04EC0-301F-11D3-BF4B-00C04F79EFBC}") = "DemoMediator", "DemoMediator\DemoMediator.csproj", "{08477303-6952-4C71-9B6F-3F38D3AB39BC}"
EndProject
Global
	GlobalSection(SolutionConfigurationPlatforms) = preSolution
		Debug|Any CPU = Debug|Any CPU
		Release|Any CPU = Release|Any CPU
	EndGlobalSection
	GlobalSection(ProjectConfigurationPlatforms) = postSolution
		{056E7701-2FE1-4CC0-B084-3CF4C43DD85F}.Debug|Any CPU.ActiveCfg = Debug|Any CPU
		{056E7701-2FE1-4CC0-B084-3CF4C43DD85F}.Debug|Any CPU.Build.0 = Debug|Any CPU
		{056E7701-2FE1-4CC0-B084-3CF4C43DD85F}.Release|Any CPU.ActiveCfg = Release|Any CPU
		{056E7701-2FE1-4CC0-B084-3CF4C43DD85F}.Release|Any CPU.Build.0 = Release|Any CPU
		{D8A86D78-3CB2-43A5-9FEA-088B2101E72A}.Debug|Any CPU.ActiveCfg = Debug|Any CPU
		{D8A86D78-3CB2-43A5-9FEA-088B2101E72A}.Debug|Any CPU.Build.0 = Debug|Any CPU
		{D8A86D78-3CB2-43A5-9FEA-088B2101E72A}.Release|Any CPU.ActiveCfg = Release|Any CPU
		{D8A86D78-3CB2-43A5-9FEA-088B2101E72A}.Release|Any CPU.Build.0 = Release|Any CPU
		{E3378E6B-A592-49ED-A90D-28F974B6767D}.Debug|Any CPU.ActiveCfg = Debug|Any CPU
		{E3378E6B-A592-49ED-A90D-28F974B6767D}.Debug|Any CPU.Build.0 = Debug|Any CPU
		{E3378E6B-A592-49ED-A90D-28F974B6767D}.Release|Any CPU.ActiveCfg = Release|Any CPU
		{E3378E6B-A592-49ED-A90D-28F974B6767D}.Release|Any CPU.Build.0 = Release|Any CPU
		{40FC3CE8-6DAE-4D8F-9228-49B9E592D6D3}.Debug|Any CPU.ActiveCfg = Debug|Any CPU
		{40FC3CE8-6DAE-4D8F-9228-49B9E592D6D3}.Debug|Any CPU.Build.0 = Debug|Any CPU
		{40FC3CE8-6DAE-4D8F-9228-49B9E592D6D3}.Release|Any CPU.ActiveCfg = Release|Any CPU
		{40FC3CE8-6DAE-4D8F-9228-49B9E592D6D3}.Release|Any CPU.Build.0 = Release|Any CPU
		{38355A76-2984-403F-9BE0-AADD0321AD8B}.Debug|Any CPU.ActiveCfg = Debug|Any CPU
		{38355A76-2984-403F-9BE0-AADD0321AD8B}.Debug|Any CPU.Build.0 = Debug|Any CPU
		{38355A76-2984-403F-9BE0-AADD0321AD8B}.Release|Any CPU.ActiveCfg = Release|Any CPU
		{38355A76-2984-403F-9BE0-AADD0321AD8B}.Release|Any CPU.Build.0 = Release|Any CPU
		{84FE8A67-C307-4535-9754-B516367F9D5C}.Debug|Any CPU.ActiveCfg = Debug|Any CPU
		{84FE8A67-C307-4535-9754-B516367F9D5C}.Debug|Any CPU.Build.0 = Debug|Any CPU
		{84FE8A67-C307-4535-9754-B516367F9D5C}.Release|Any CPU.ActiveCfg = Release|Any CPU
		{84FE8A67-C307-4535-9754-B516367F9D5C}.Release|Any CPU.Build.0 = Release|Any CPU
		{F4C71C3F-DEFF-4EA4-881E-C221C72B7111}.Debug|Any CPU.ActiveCfg = Debug|Any CPU
		{F4C71C3F-DEFF-4EA4-881E-C221C72B7111}.Debug|Any CPU.Build.0 = Debug|Any CPU
		{F4C71C3F-DEFF-4EA4-881E-C221C72B7111}.Release|Any CPU.ActiveCfg = Release|Any CPU
		{F4C71C3F-DEFF-4EA4-881E-C221C72B7111}.Release|Any CPU.Build.0 = Release|Any CPU
		{08477303-6952-4C71-9B6F-3F38D3AB39BC}.Debug|Any CPU.ActiveCfg = Debug|Any CPU
		{08477303-6952-4C71-9B6F-3F38D3AB39BC}.Debug|Any CPU.Build.0 = Debug|Any CPU
		{08477303-6952-4C71-9B6F-3F38D3AB39BC}.Release|Any CPU.ActiveCfg = Release|Any CPU
		{08477303-6952-4C71-9B6F-3F38D3AB39BC}.Release|Any CPU.Build.0 = Release|Any CPU
	EndGlobalSection
	GlobalSection(SolutionProperties) = preSolution
		HideSolutionNode = FALSE
	EndGlobalSection
	GlobalSection(NestedProjects) = preSolution
		{C2DBB3E9-7F73-434A-A47D-87E197234486} = {11C35CC3-D818-4DCA-82AD-1ECB88B0AEFA}
		{B427D84B-46CF-48CE-B00C-D7C79312326E} = {11C35CC3-D818-4DCA-82AD-1ECB88B0AEFA}
		{056E7701-2FE1-4CC0-B084-3CF4C43DD85F} = {EBAC338A-3CD7-48DB-9D69-14EB6EC707B7}
		{D8A86D78-3CB2-43A5-9FEA-088B2101E72A} = {C2DBB3E9-7F73-434A-A47D-87E197234486}
		{E3378E6B-A592-49ED-A90D-28F974B6767D} = {B427D84B-46CF-48CE-B00C-D7C79312326E}
		{354762A1-B52F-4F1F-B104-06CB180280A3} = {11C35CC3-D818-4DCA-82AD-1ECB88B0AEFA}
		{40FC3CE8-6DAE-4D8F-9228-49B9E592D6D3} = {354762A1-B52F-4F1F-B104-06CB180280A3}
		{0C10E69A-A9B8-43D3-97C4-2CE3EA8C5E63} = {11C35CC3-D818-4DCA-82AD-1ECB88B0AEFA}
		{38355A76-2984-403F-9BE0-AADD0321AD8B} = {0C10E69A-A9B8-43D3-97C4-2CE3EA8C5E63}
		{DBE2B25D-301D-4BAE-BC40-1D5D3981D733} = {11C35CC3-D818-4DCA-82AD-1ECB88B0AEFA}
		{84FE8A67-C307-4535-9754-B516367F9D5C} = {DBE2B25D-301D-4BAE-BC40-1D5D3981D733}
		{8223921D-9AF7-4281-B733-4EDFBAA98DBB} = {11C35CC3-D818-4DCA-82AD-1ECB88B0AEFA}
		{F4C71C3F-DEFF-4EA4-881E-C221C72B7111} = {8223921D-9AF7-4281-B733-4EDFBAA98DBB}
		{08477303-6952-4C71-9B6F-3F38D3AB39BC} = {461A587E-9440-46CE-86C7-2CF66E37A097}
	EndGlobalSection
	GlobalSection(ExtensibilityGlobals) = postSolution
		SolutionGuid = {452E2D15-492B-4EB2-853D-D8FC7D352CB3}
	EndGlobalSection
EndGlobal
